
Microsoft Visual Studio Solution File, Format Version 12.00
# Visual Studio Version 17
VisualStudioVersion = 17.0.31912.275
MinimumVisualStudioVersion = 10.0.40219.1
Project("{2150E333-8FDC-42A3-9474-1A3956D46DE8}") = "Framework", "Framework", "{0512DCE4-2B8B-486F-9234-43AA0B09E1FD}"
EndProject
Project("{8BC9CEB8-8B4A-11D0-8D11-00A0C91BC942}") = "Core", "Framework\Core\Core.vcxproj", "{6A8BFC0F-4CF4-4923-AD57-CD677181E319}"
EndProject
Project("{2150E333-8FDC-42A3-9474-1A3956D46DE8}") = "UnitTests", "UnitTests", "{7A37DDCD-EFA2-4FC0-A2CB-52BA6560B475}"
EndProject
Project("{8BC9CEB8-8B4A-11D0-8D11-00A0C91BC942}") = "CoreTest", "UnitTests\CoreTest\CoreTest.vcxproj", "{4C8C5FD7-16E5-4A15-9E99-2D17E8DF8441}"
EndProject
Project("{8BC9CEB8-8B4A-11D0-8D11-00A0C91BC942}") = "Math", "Framework\Math\Math.vcxproj", "{77AC09E7-5C76-49B1-B49F-0DD3BCE5E970}"
EndProject
Project("{8BC9CEB8-8B4A-11D0-8D11-00A0C91BC942}") = "MathTest", "UnitTests\MathTest\MathTest.vcxproj", "{28F82D15-8C43-45EB-B1A2-2A8307270C42}"
EndProject
Project("{2150E333-8FDC-42A3-9474-1A3956D46DE8}") = "Engine", "Engine", "{DB9C8CE6-65B3-4263-86E7-D68BC14B0735}"
EndProject
Project("{2150E333-8FDC-42A3-9474-1A3956D46DE8}") = "VGP242", "VGP242", "{BB7D6021-BD0F-48D2-93D6-5033DD441E6B}"
EndProject
Project("{8BC9CEB8-8B4A-11D0-8D11-00A0C91BC942}") = "01_HelloWindow", "VGP242\01_HelloWindow\01_HelloWindow.vcxproj", "{119DC4AD-E1F0-430D-82EA-E25926490796}"
EndProject
Project("{8BC9CEB8-8B4A-11D0-8D11-00A0C91BC942}") = "Sage", "Engine\Sage\Sage.vcxproj", "{DEB550CA-2539-4F03-B618-DBC94A66A7BE}"
EndProject
Project("{8BC9CEB8-8B4A-11D0-8D11-00A0C91BC942}") = "Graphics", "Framework\Graphics\Graphics.vcxproj", "{F0E5F0B9-DFA3-42EC-AC8E-7F38BE5745E0}"
EndProject
Project("{8BC9CEB8-8B4A-11D0-8D11-00A0C91BC942}") = "02_HelloDirectX", "VGP242\02_HelloDirectX\02_HelloDirectX.vcxproj", "{E6543900-D821-4B2E-80B6-B8ABE9F30632}"
EndProject
Project("{8BC9CEB8-8B4A-11D0-8D11-00A0C91BC942}") = "Input", "Framework\Input\Input.vcxproj", "{42C8A2B1-4EB8-42C6-B5D6-161DA3613DC0}"
EndProject
Project("{2150E333-8FDC-42A3-9474-1A3956D46DE8}") = "External", "External", "{76BC0557-F8AD-4D7A-9A1A-15A40C7764FD}"
EndProject
Project("{8BC9CEB8-8B4A-11D0-8D11-00A0C91BC942}") = "DirectXTK_Desktop_2019", "External\DirectXTK\DirectXTK_Desktop_2019.vcxproj", "{E0B52AE7-E160-4D32-BF3F-910B785E5A8E}"
EndProject
Project("{8BC9CEB8-8B4A-11D0-8D11-00A0C91BC942}") = "DirectXTKAudio_Desktop_2019_Win8", "External\DirectXTK\Audio\DirectXTKAudio_Desktop_2019_Win8.vcxproj", "{4F150A30-CECB-49D1-8283-6A3F57438CF5}"
EndProject
Project("{8BC9CEB8-8B4A-11D0-8D11-00A0C91BC942}") = "03_HelloTriangle", "VGP242\03_HelloTriangle\03_HelloTriangle.vcxproj", "{20C3081F-99F9-439E-B24B-BC22A5B7F259}"
EndProject
Project("{8BC9CEB8-8B4A-11D0-8D11-00A0C91BC942}") = "04_HelloShapes", "VGP242\04_HelloShapes\04_HelloShapes.vcxproj", "{74937ED8-E9E3-440D-9286-34000FBB567E}"
EndProject
Project("{2150E333-8FDC-42A3-9474-1A3956D46DE8}") = "Assets", "Assets", "{9B78CF1A-D988-4850-9342-AA8E053E8F14}"
EndProject
Project("{2150E333-8FDC-42A3-9474-1A3956D46DE8}") = "Shaders", "Shaders", "{22CA2744-B358-4DAF-B0FA-8F839FF10B32}"
	ProjectSection(SolutionItems) = preProject
		Assets\Shaders\Dissolve.fx = Assets\Shaders\Dissolve.fx
		Assets\Shaders\DoNothing.fx = Assets\Shaders\DoNothing.fx
		Assets\Shaders\DoSomething.fx = Assets\Shaders\DoSomething.fx
		Assets\Shaders\DoTexturing.fx = Assets\Shaders\DoTexturing.fx
		Assets\Shaders\DoTransform.fx = Assets\Shaders\DoTransform.fx
		Assets\Shaders\GaussianBlur.fx = Assets\Shaders\GaussianBlur.fx
		Assets\Shaders\Particles.fx = Assets\Shaders\Particles.fx
		Assets\Shaders\PostProcess.fx = Assets\Shaders\PostProcess.fx
		Assets\Shaders\Shadow.fx = Assets\Shaders\Shadow.fx
		Assets\Shaders\SimpleDraw.fx = Assets\Shaders\SimpleDraw.fx
		Assets\Shaders\Standard.fx = Assets\Shaders\Standard.fx
		Assets\Shaders\Terrain.fx = Assets\Shaders\Terrain.fx
	EndProjectSection
EndProject
Project("{8BC9CEB8-8B4A-11D0-8D11-00A0C91BC942}") = "05_HelloCube", "VGP242\05_HelloCube\05_HelloCube.vcxproj", "{5F5A6E64-2EBC-4F57-931A-50DF6FACAC5F}"
EndProject
Project("{8BC9CEB8-8B4A-11D0-8D11-00A0C91BC942}") = "06_HelloTexturing", "VGP242\06_HelloTexturing\06_HelloTexturing.vcxproj", "{41879FA3-4C60-4CD4-9D24-5B70C0E4DABC}"
EndProject
Project("{8BC9CEB8-8B4A-11D0-8D11-00A0C91BC942}") = "07_HelloSimpleDraw", "VGP242\07_HelloSimpleDraw\07_HelloSimpleDraw.vcxproj", "{2E3CEA1F-6161-4ED9-95EC-46040990F6A1}"
EndProject
Project("{8BC9CEB8-8B4A-11D0-8D11-00A0C91BC942}") = "ImGui", "External\ImGui\ImGui.vcxproj", "{821D8F21-0336-4D1A-BE1D-1C323AB5E31E}"
EndProject
Project("{8BC9CEB8-8B4A-11D0-8D11-00A0C91BC942}") = "08_HelloObjModel", "VGP242\08_HelloObjModel\08_HelloObjModel.vcxproj", "{7A5FC507-4C60-49FA-8928-3FF0D68B0F5A}"
EndProject
Project("{8BC9CEB8-8B4A-11D0-8D11-00A0C91BC942}") = "09_HelloSolarSystem", "VGP242\09_HelloSolarSystem\09_HelloSolarSystem.vcxproj", "{5C6C3A8E-E673-4B89-A4D9-4BD7D8ACF1C9}"
EndProject
Project("{2150E333-8FDC-42A3-9474-1A3956D46DE8}") = "VGP330", "VGP330", "{23A19A0F-E276-4A40-BCA8-D30378E9777A}"
EndProject
Project("{8BC9CEB8-8B4A-11D0-8D11-00A0C91BC942}") = "10_SimpleDraw", "VGP330\00_SimpleDraw\00_SimpleDraw.vcxproj", "{3D1DE7F4-E4CE-44F8-9C5A-14D470D80253}"
EndProject
Project("{8BC9CEB8-8B4A-11D0-8D11-00A0C91BC942}") = "11_HelloLighting", "VGP330\11_HelloLighting\11_HelloLighting.vcxproj", "{B4509CE4-D067-49BC-9888-A200ABEA0716}"
EndProject
Project("{8BC9CEB8-8B4A-11D0-8D11-00A0C91BC942}") = "12_HelloPostProcessing", "VGP330\12_HelloPostProcessing\12_HelloPostProcessing.vcxproj", "{A7AFAD55-FD63-47FD-AD48-365E657473AB}"
EndProject
Project("{8BC9CEB8-8B4A-11D0-8D11-00A0C91BC942}") = "13_HelloBloom", "VGP330\13_HelloBloom\13_HelloBloom.vcxproj", "{ACE68FE6-2E17-4C1D-AAAC-066235F9F616}"
EndProject
Project("{8BC9CEB8-8B4A-11D0-8D11-00A0C91BC942}") = "14_HelloShadow", "VGP330\14_HelloShadow\14_HelloShadow.vcxproj", "{FDF23007-8BFF-48F4-928A-7266CE97659A}"
EndProject
Project("{8BC9CEB8-8B4A-11D0-8D11-00A0C91BC942}") = "15_HelloDissolve", "VGP330\15_HelloDissolve\15_HelloDissolve.vcxproj", "{8DC6CF18-8386-46AC-AF68-CE5F13BF7127}"
EndProject
Project("{2150E333-8FDC-42A3-9474-1A3956D46DE8}") = "Tools", "Tools", "{7A50FEDD-2A3B-4406-950C-C85A7B9F4DAF}"
EndProject
Project("{8BC9CEB8-8B4A-11D0-8D11-00A0C91BC942}") = "ModelImporter", "Tools\ModelImporter\ModelImporter.vcxproj", "{ED370ABC-21DF-46A5-A386-D478ECD31E20}"
EndProject
Project("{2150E333-8FDC-42A3-9474-1A3956D46DE8}") = "VGP334", "VGP334", "{50BC35A9-2DB2-4373-B0D2-4F02A7D6DB2B}"
EndProject
Project("{8BC9CEB8-8B4A-11D0-8D11-00A0C91BC942}") = "17_HelloModel", "VGP334\17_HelloModel\17_HelloModel.vcxproj", "{1BFE6B88-3986-48A9-BCF3-80A88F6CBD50}"
EndProject
Project("{8BC9CEB8-8B4A-11D0-8D11-00A0C91BC942}") = "Physics", "Framework\Physics\Physics.vcxproj", "{8FE20426-661E-4A1F-8A66-A1965F4C7124}"
EndProject
Project("{8BC9CEB8-8B4A-11D0-8D11-00A0C91BC942}") = "18_HelloPhysics", "VGP334\18_HelloPhysics\18_HelloPhysics.vcxproj", "{47B13E7D-016C-423D-8127-F51EEE16A62B}"
EndProject
Project("{2150E333-8FDC-42A3-9474-1A3956D46DE8}") = "Templates", "Templates", "{6D4F33A3-1680-4ECC-93E4-293EB14C2EE7}"
	ProjectSection(SolutionItems) = preProject
		Assets\Templates\follow_camera.json = Assets\Templates\follow_camera.json
		Assets\Templates\fps_camera.json = Assets\Templates\fps_camera.json
		Assets\Templates\player.json = Assets\Templates\player.json
		Assets\Templates\test.json = Assets\Templates\test.json
	EndProjectSection
EndProject
Project("{2150E333-8FDC-42A3-9474-1A3956D46DE8}") = "VGP336", "VGP336", "{90214DDD-F71F-42ED-ADEE-86F1796B3C36}"
EndProject
Project("{8BC9CEB8-8B4A-11D0-8D11-00A0C91BC942}") = "19_TestGame", "VGP336\19_TestGame\19_TestGame.vcxproj", "{1258FE79-2DFB-4461-A2F4-29DD8EF60EB4}"
EndProject
Project("{2150E333-8FDC-42A3-9474-1A3956D46DE8}") = "Apps", "Apps", "{96B6EFA9-EA27-47C9-AB81-EDA16149C92C}"
EndProject
Project("{8BC9CEB8-8B4A-11D0-8D11-00A0C91BC942}") = "Demo", "Apps\Demo\Demo.vcxproj", "{D55E10E1-6FC8-43F6-A711-D231A11ECA73}"
EndProject
Global
	GlobalSection(SolutionConfigurationPlatforms) = preSolution
		Debug|x64 = Debug|x64
		Debug|x86 = Debug|x86
		Release|x64 = Release|x64
		Release|x86 = Release|x86
	EndGlobalSection
	GlobalSection(ProjectConfigurationPlatforms) = postSolution
		{6A8BFC0F-4CF4-4923-AD57-CD677181E319}.Debug|x64.ActiveCfg = Debug|x64
		{6A8BFC0F-4CF4-4923-AD57-CD677181E319}.Debug|x64.Build.0 = Debug|x64
		{6A8BFC0F-4CF4-4923-AD57-CD677181E319}.Debug|x86.ActiveCfg = Debug|Win32
		{6A8BFC0F-4CF4-4923-AD57-CD677181E319}.Debug|x86.Build.0 = Debug|Win32
		{6A8BFC0F-4CF4-4923-AD57-CD677181E319}.Release|x64.ActiveCfg = Release|x64
		{6A8BFC0F-4CF4-4923-AD57-CD677181E319}.Release|x64.Build.0 = Release|x64
		{6A8BFC0F-4CF4-4923-AD57-CD677181E319}.Release|x86.ActiveCfg = Release|Win32
		{6A8BFC0F-4CF4-4923-AD57-CD677181E319}.Release|x86.Build.0 = Release|Win32
		{4C8C5FD7-16E5-4A15-9E99-2D17E8DF8441}.Debug|x64.ActiveCfg = Debug|x64
		{4C8C5FD7-16E5-4A15-9E99-2D17E8DF8441}.Debug|x64.Build.0 = Debug|x64
		{4C8C5FD7-16E5-4A15-9E99-2D17E8DF8441}.Debug|x86.ActiveCfg = Debug|Win32
		{4C8C5FD7-16E5-4A15-9E99-2D17E8DF8441}.Debug|x86.Build.0 = Debug|Win32
		{4C8C5FD7-16E5-4A15-9E99-2D17E8DF8441}.Release|x64.ActiveCfg = Release|x64
		{4C8C5FD7-16E5-4A15-9E99-2D17E8DF8441}.Release|x64.Build.0 = Release|x64
		{4C8C5FD7-16E5-4A15-9E99-2D17E8DF8441}.Release|x86.ActiveCfg = Release|Win32
		{4C8C5FD7-16E5-4A15-9E99-2D17E8DF8441}.Release|x86.Build.0 = Release|Win32
		{77AC09E7-5C76-49B1-B49F-0DD3BCE5E970}.Debug|x64.ActiveCfg = Debug|x64
		{77AC09E7-5C76-49B1-B49F-0DD3BCE5E970}.Debug|x64.Build.0 = Debug|x64
		{77AC09E7-5C76-49B1-B49F-0DD3BCE5E970}.Debug|x86.ActiveCfg = Debug|Win32
		{77AC09E7-5C76-49B1-B49F-0DD3BCE5E970}.Debug|x86.Build.0 = Debug|Win32
		{77AC09E7-5C76-49B1-B49F-0DD3BCE5E970}.Release|x64.ActiveCfg = Release|x64
		{77AC09E7-5C76-49B1-B49F-0DD3BCE5E970}.Release|x64.Build.0 = Release|x64
		{77AC09E7-5C76-49B1-B49F-0DD3BCE5E970}.Release|x86.ActiveCfg = Release|Win32
		{77AC09E7-5C76-49B1-B49F-0DD3BCE5E970}.Release|x86.Build.0 = Release|Win32
		{28F82D15-8C43-45EB-B1A2-2A8307270C42}.Debug|x64.ActiveCfg = Debug|x64
		{28F82D15-8C43-45EB-B1A2-2A8307270C42}.Debug|x64.Build.0 = Debug|x64
		{28F82D15-8C43-45EB-B1A2-2A8307270C42}.Debug|x86.ActiveCfg = Debug|Win32
		{28F82D15-8C43-45EB-B1A2-2A8307270C42}.Debug|x86.Build.0 = Debug|Win32
		{28F82D15-8C43-45EB-B1A2-2A8307270C42}.Release|x64.ActiveCfg = Release|x64
		{28F82D15-8C43-45EB-B1A2-2A8307270C42}.Release|x64.Build.0 = Release|x64
		{28F82D15-8C43-45EB-B1A2-2A8307270C42}.Release|x86.ActiveCfg = Release|Win32
		{28F82D15-8C43-45EB-B1A2-2A8307270C42}.Release|x86.Build.0 = Release|Win32
		{119DC4AD-E1F0-430D-82EA-E25926490796}.Debug|x64.ActiveCfg = Debug|x64
		{119DC4AD-E1F0-430D-82EA-E25926490796}.Debug|x64.Build.0 = Debug|x64
		{119DC4AD-E1F0-430D-82EA-E25926490796}.Debug|x86.ActiveCfg = Debug|Win32
		{119DC4AD-E1F0-430D-82EA-E25926490796}.Debug|x86.Build.0 = Debug|Win32
		{119DC4AD-E1F0-430D-82EA-E25926490796}.Release|x64.ActiveCfg = Release|x64
		{119DC4AD-E1F0-430D-82EA-E25926490796}.Release|x64.Build.0 = Release|x64
		{119DC4AD-E1F0-430D-82EA-E25926490796}.Release|x86.ActiveCfg = Release|Win32
		{119DC4AD-E1F0-430D-82EA-E25926490796}.Release|x86.Build.0 = Release|Win32
		{DEB550CA-2539-4F03-B618-DBC94A66A7BE}.Debug|x64.ActiveCfg = Debug|x64
		{DEB550CA-2539-4F03-B618-DBC94A66A7BE}.Debug|x64.Build.0 = Debug|x64
		{DEB550CA-2539-4F03-B618-DBC94A66A7BE}.Debug|x86.ActiveCfg = Debug|Win32
		{DEB550CA-2539-4F03-B618-DBC94A66A7BE}.Debug|x86.Build.0 = Debug|Win32
		{DEB550CA-2539-4F03-B618-DBC94A66A7BE}.Release|x64.ActiveCfg = Release|x64
		{DEB550CA-2539-4F03-B618-DBC94A66A7BE}.Release|x64.Build.0 = Release|x64
		{DEB550CA-2539-4F03-B618-DBC94A66A7BE}.Release|x86.ActiveCfg = Release|Win32
		{DEB550CA-2539-4F03-B618-DBC94A66A7BE}.Release|x86.Build.0 = Release|Win32
		{F0E5F0B9-DFA3-42EC-AC8E-7F38BE5745E0}.Debug|x64.ActiveCfg = Debug|x64
		{F0E5F0B9-DFA3-42EC-AC8E-7F38BE5745E0}.Debug|x64.Build.0 = Debug|x64
		{F0E5F0B9-DFA3-42EC-AC8E-7F38BE5745E0}.Debug|x86.ActiveCfg = Debug|Win32
		{F0E5F0B9-DFA3-42EC-AC8E-7F38BE5745E0}.Debug|x86.Build.0 = Debug|Win32
		{F0E5F0B9-DFA3-42EC-AC8E-7F38BE5745E0}.Release|x64.ActiveCfg = Release|x64
		{F0E5F0B9-DFA3-42EC-AC8E-7F38BE5745E0}.Release|x64.Build.0 = Release|x64
		{F0E5F0B9-DFA3-42EC-AC8E-7F38BE5745E0}.Release|x86.ActiveCfg = Release|Win32
		{F0E5F0B9-DFA3-42EC-AC8E-7F38BE5745E0}.Release|x86.Build.0 = Release|Win32
		{E6543900-D821-4B2E-80B6-B8ABE9F30632}.Debug|x64.ActiveCfg = Debug|x64
		{E6543900-D821-4B2E-80B6-B8ABE9F30632}.Debug|x64.Build.0 = Debug|x64
		{E6543900-D821-4B2E-80B6-B8ABE9F30632}.Debug|x86.ActiveCfg = Debug|Win32
		{E6543900-D821-4B2E-80B6-B8ABE9F30632}.Debug|x86.Build.0 = Debug|Win32
		{E6543900-D821-4B2E-80B6-B8ABE9F30632}.Release|x64.ActiveCfg = Release|x64
		{E6543900-D821-4B2E-80B6-B8ABE9F30632}.Release|x64.Build.0 = Release|x64
		{E6543900-D821-4B2E-80B6-B8ABE9F30632}.Release|x86.ActiveCfg = Release|Win32
		{E6543900-D821-4B2E-80B6-B8ABE9F30632}.Release|x86.Build.0 = Release|Win32
		{42C8A2B1-4EB8-42C6-B5D6-161DA3613DC0}.Debug|x64.ActiveCfg = Debug|x64
		{42C8A2B1-4EB8-42C6-B5D6-161DA3613DC0}.Debug|x64.Build.0 = Debug|x64
		{42C8A2B1-4EB8-42C6-B5D6-161DA3613DC0}.Debug|x86.ActiveCfg = Debug|Win32
		{42C8A2B1-4EB8-42C6-B5D6-161DA3613DC0}.Debug|x86.Build.0 = Debug|Win32
		{42C8A2B1-4EB8-42C6-B5D6-161DA3613DC0}.Release|x64.ActiveCfg = Release|x64
		{42C8A2B1-4EB8-42C6-B5D6-161DA3613DC0}.Release|x64.Build.0 = Release|x64
		{42C8A2B1-4EB8-42C6-B5D6-161DA3613DC0}.Release|x86.ActiveCfg = Release|Win32
		{42C8A2B1-4EB8-42C6-B5D6-161DA3613DC0}.Release|x86.Build.0 = Release|Win32
		{E0B52AE7-E160-4D32-BF3F-910B785E5A8E}.Debug|x64.ActiveCfg = Debug|x64
		{E0B52AE7-E160-4D32-BF3F-910B785E5A8E}.Debug|x64.Build.0 = Debug|x64
		{E0B52AE7-E160-4D32-BF3F-910B785E5A8E}.Debug|x86.ActiveCfg = Debug|Win32
		{E0B52AE7-E160-4D32-BF3F-910B785E5A8E}.Debug|x86.Build.0 = Debug|Win32
		{E0B52AE7-E160-4D32-BF3F-910B785E5A8E}.Release|x64.ActiveCfg = Release|x64
		{E0B52AE7-E160-4D32-BF3F-910B785E5A8E}.Release|x64.Build.0 = Release|x64
		{E0B52AE7-E160-4D32-BF3F-910B785E5A8E}.Release|x86.ActiveCfg = Release|Win32
		{E0B52AE7-E160-4D32-BF3F-910B785E5A8E}.Release|x86.Build.0 = Release|Win32
		{4F150A30-CECB-49D1-8283-6A3F57438CF5}.Debug|x64.ActiveCfg = Debug|x64
		{4F150A30-CECB-49D1-8283-6A3F57438CF5}.Debug|x64.Build.0 = Debug|x64
		{4F150A30-CECB-49D1-8283-6A3F57438CF5}.Debug|x86.ActiveCfg = Debug|Win32
		{4F150A30-CECB-49D1-8283-6A3F57438CF5}.Debug|x86.Build.0 = Debug|Win32
		{4F150A30-CECB-49D1-8283-6A3F57438CF5}.Release|x64.ActiveCfg = Release|x64
		{4F150A30-CECB-49D1-8283-6A3F57438CF5}.Release|x64.Build.0 = Release|x64
		{4F150A30-CECB-49D1-8283-6A3F57438CF5}.Release|x86.ActiveCfg = Release|Win32
		{4F150A30-CECB-49D1-8283-6A3F57438CF5}.Release|x86.Build.0 = Release|Win32
		{20C3081F-99F9-439E-B24B-BC22A5B7F259}.Debug|x64.ActiveCfg = Debug|x64
		{20C3081F-99F9-439E-B24B-BC22A5B7F259}.Debug|x64.Build.0 = Debug|x64
		{20C3081F-99F9-439E-B24B-BC22A5B7F259}.Debug|x86.ActiveCfg = Debug|Win32
		{20C3081F-99F9-439E-B24B-BC22A5B7F259}.Debug|x86.Build.0 = Debug|Win32
		{20C3081F-99F9-439E-B24B-BC22A5B7F259}.Release|x64.ActiveCfg = Release|x64
		{20C3081F-99F9-439E-B24B-BC22A5B7F259}.Release|x64.Build.0 = Release|x64
		{20C3081F-99F9-439E-B24B-BC22A5B7F259}.Release|x86.ActiveCfg = Release|Win32
		{20C3081F-99F9-439E-B24B-BC22A5B7F259}.Release|x86.Build.0 = Release|Win32
		{74937ED8-E9E3-440D-9286-34000FBB567E}.Debug|x64.ActiveCfg = Debug|x64
		{74937ED8-E9E3-440D-9286-34000FBB567E}.Debug|x64.Build.0 = Debug|x64
		{74937ED8-E9E3-440D-9286-34000FBB567E}.Debug|x86.ActiveCfg = Debug|Win32
		{74937ED8-E9E3-440D-9286-34000FBB567E}.Debug|x86.Build.0 = Debug|Win32
		{74937ED8-E9E3-440D-9286-34000FBB567E}.Release|x64.ActiveCfg = Release|x64
		{74937ED8-E9E3-440D-9286-34000FBB567E}.Release|x64.Build.0 = Release|x64
		{74937ED8-E9E3-440D-9286-34000FBB567E}.Release|x86.ActiveCfg = Release|Win32
		{74937ED8-E9E3-440D-9286-34000FBB567E}.Release|x86.Build.0 = Release|Win32
		{5F5A6E64-2EBC-4F57-931A-50DF6FACAC5F}.Debug|x64.ActiveCfg = Debug|x64
		{5F5A6E64-2EBC-4F57-931A-50DF6FACAC5F}.Debug|x64.Build.0 = Debug|x64
		{5F5A6E64-2EBC-4F57-931A-50DF6FACAC5F}.Debug|x86.ActiveCfg = Debug|Win32
		{5F5A6E64-2EBC-4F57-931A-50DF6FACAC5F}.Debug|x86.Build.0 = Debug|Win32
		{5F5A6E64-2EBC-4F57-931A-50DF6FACAC5F}.Release|x64.ActiveCfg = Release|x64
		{5F5A6E64-2EBC-4F57-931A-50DF6FACAC5F}.Release|x64.Build.0 = Release|x64
		{5F5A6E64-2EBC-4F57-931A-50DF6FACAC5F}.Release|x86.ActiveCfg = Release|Win32
		{5F5A6E64-2EBC-4F57-931A-50DF6FACAC5F}.Release|x86.Build.0 = Release|Win32
		{41879FA3-4C60-4CD4-9D24-5B70C0E4DABC}.Debug|x64.ActiveCfg = Debug|x64
		{41879FA3-4C60-4CD4-9D24-5B70C0E4DABC}.Debug|x64.Build.0 = Debug|x64
		{41879FA3-4C60-4CD4-9D24-5B70C0E4DABC}.Debug|x86.ActiveCfg = Debug|Win32
		{41879FA3-4C60-4CD4-9D24-5B70C0E4DABC}.Debug|x86.Build.0 = Debug|Win32
		{41879FA3-4C60-4CD4-9D24-5B70C0E4DABC}.Release|x64.ActiveCfg = Release|x64
		{41879FA3-4C60-4CD4-9D24-5B70C0E4DABC}.Release|x64.Build.0 = Release|x64
		{41879FA3-4C60-4CD4-9D24-5B70C0E4DABC}.Release|x86.ActiveCfg = Release|Win32
		{41879FA3-4C60-4CD4-9D24-5B70C0E4DABC}.Release|x86.Build.0 = Release|Win32
		{2E3CEA1F-6161-4ED9-95EC-46040990F6A1}.Debug|x64.ActiveCfg = Debug|x64
		{2E3CEA1F-6161-4ED9-95EC-46040990F6A1}.Debug|x64.Build.0 = Debug|x64
		{2E3CEA1F-6161-4ED9-95EC-46040990F6A1}.Debug|x86.ActiveCfg = Debug|Win32
		{2E3CEA1F-6161-4ED9-95EC-46040990F6A1}.Debug|x86.Build.0 = Debug|Win32
		{2E3CEA1F-6161-4ED9-95EC-46040990F6A1}.Release|x64.ActiveCfg = Release|x64
		{2E3CEA1F-6161-4ED9-95EC-46040990F6A1}.Release|x64.Build.0 = Release|x64
		{2E3CEA1F-6161-4ED9-95EC-46040990F6A1}.Release|x86.ActiveCfg = Release|Win32
		{2E3CEA1F-6161-4ED9-95EC-46040990F6A1}.Release|x86.Build.0 = Release|Win32
		{821D8F21-0336-4D1A-BE1D-1C323AB5E31E}.Debug|x64.ActiveCfg = Debug|x64
		{821D8F21-0336-4D1A-BE1D-1C323AB5E31E}.Debug|x64.Build.0 = Debug|x64
		{821D8F21-0336-4D1A-BE1D-1C323AB5E31E}.Debug|x86.ActiveCfg = Debug|Win32
		{821D8F21-0336-4D1A-BE1D-1C323AB5E31E}.Debug|x86.Build.0 = Debug|Win32
		{821D8F21-0336-4D1A-BE1D-1C323AB5E31E}.Release|x64.ActiveCfg = Release|x64
		{821D8F21-0336-4D1A-BE1D-1C323AB5E31E}.Release|x64.Build.0 = Release|x64
		{821D8F21-0336-4D1A-BE1D-1C323AB5E31E}.Release|x86.ActiveCfg = Release|Win32
		{821D8F21-0336-4D1A-BE1D-1C323AB5E31E}.Release|x86.Build.0 = Release|Win32
		{7A5FC507-4C60-49FA-8928-3FF0D68B0F5A}.Debug|x64.ActiveCfg = Debug|x64
		{7A5FC507-4C60-49FA-8928-3FF0D68B0F5A}.Debug|x64.Build.0 = Debug|x64
		{7A5FC507-4C60-49FA-8928-3FF0D68B0F5A}.Debug|x86.ActiveCfg = Debug|Win32
		{7A5FC507-4C60-49FA-8928-3FF0D68B0F5A}.Debug|x86.Build.0 = Debug|Win32
		{7A5FC507-4C60-49FA-8928-3FF0D68B0F5A}.Release|x64.ActiveCfg = Release|x64
		{7A5FC507-4C60-49FA-8928-3FF0D68B0F5A}.Release|x64.Build.0 = Release|x64
		{7A5FC507-4C60-49FA-8928-3FF0D68B0F5A}.Release|x86.ActiveCfg = Release|Win32
		{7A5FC507-4C60-49FA-8928-3FF0D68B0F5A}.Release|x86.Build.0 = Release|Win32
		{5C6C3A8E-E673-4B89-A4D9-4BD7D8ACF1C9}.Debug|x64.ActiveCfg = Debug|x64
		{5C6C3A8E-E673-4B89-A4D9-4BD7D8ACF1C9}.Debug|x64.Build.0 = Debug|x64
		{5C6C3A8E-E673-4B89-A4D9-4BD7D8ACF1C9}.Debug|x86.ActiveCfg = Debug|Win32
		{5C6C3A8E-E673-4B89-A4D9-4BD7D8ACF1C9}.Debug|x86.Build.0 = Debug|Win32
		{5C6C3A8E-E673-4B89-A4D9-4BD7D8ACF1C9}.Release|x64.ActiveCfg = Release|x64
		{5C6C3A8E-E673-4B89-A4D9-4BD7D8ACF1C9}.Release|x64.Build.0 = Release|x64
		{5C6C3A8E-E673-4B89-A4D9-4BD7D8ACF1C9}.Release|x86.ActiveCfg = Release|Win32
		{5C6C3A8E-E673-4B89-A4D9-4BD7D8ACF1C9}.Release|x86.Build.0 = Release|Win32
		{3D1DE7F4-E4CE-44F8-9C5A-14D470D80253}.Debug|x64.ActiveCfg = Debug|x64
		{3D1DE7F4-E4CE-44F8-9C5A-14D470D80253}.Debug|x64.Build.0 = Debug|x64
		{3D1DE7F4-E4CE-44F8-9C5A-14D470D80253}.Debug|x86.ActiveCfg = Debug|Win32
		{3D1DE7F4-E4CE-44F8-9C5A-14D470D80253}.Debug|x86.Build.0 = Debug|Win32
		{3D1DE7F4-E4CE-44F8-9C5A-14D470D80253}.Release|x64.ActiveCfg = Release|x64
		{3D1DE7F4-E4CE-44F8-9C5A-14D470D80253}.Release|x64.Build.0 = Release|x64
		{3D1DE7F4-E4CE-44F8-9C5A-14D470D80253}.Release|x86.ActiveCfg = Release|Win32
		{3D1DE7F4-E4CE-44F8-9C5A-14D470D80253}.Release|x86.Build.0 = Release|Win32
		{B4509CE4-D067-49BC-9888-A200ABEA0716}.Debug|x64.ActiveCfg = Debug|x64
		{B4509CE4-D067-49BC-9888-A200ABEA0716}.Debug|x64.Build.0 = Debug|x64
		{B4509CE4-D067-49BC-9888-A200ABEA0716}.Debug|x86.ActiveCfg = Debug|Win32
		{B4509CE4-D067-49BC-9888-A200ABEA0716}.Debug|x86.Build.0 = Debug|Win32
		{B4509CE4-D067-49BC-9888-A200ABEA0716}.Release|x64.ActiveCfg = Release|x64
		{B4509CE4-D067-49BC-9888-A200ABEA0716}.Release|x64.Build.0 = Release|x64
		{B4509CE4-D067-49BC-9888-A200ABEA0716}.Release|x86.ActiveCfg = Release|Win32
		{B4509CE4-D067-49BC-9888-A200ABEA0716}.Release|x86.Build.0 = Release|Win32
		{A7AFAD55-FD63-47FD-AD48-365E657473AB}.Debug|x64.ActiveCfg = Debug|x64
		{A7AFAD55-FD63-47FD-AD48-365E657473AB}.Debug|x64.Build.0 = Debug|x64
		{A7AFAD55-FD63-47FD-AD48-365E657473AB}.Debug|x86.ActiveCfg = Debug|Win32
		{A7AFAD55-FD63-47FD-AD48-365E657473AB}.Debug|x86.Build.0 = Debug|Win32
		{A7AFAD55-FD63-47FD-AD48-365E657473AB}.Release|x64.ActiveCfg = Release|x64
		{A7AFAD55-FD63-47FD-AD48-365E657473AB}.Release|x64.Build.0 = Release|x64
		{A7AFAD55-FD63-47FD-AD48-365E657473AB}.Release|x86.ActiveCfg = Release|Win32
		{A7AFAD55-FD63-47FD-AD48-365E657473AB}.Release|x86.Build.0 = Release|Win32
		{ACE68FE6-2E17-4C1D-AAAC-066235F9F616}.Debug|x64.ActiveCfg = Debug|x64
		{ACE68FE6-2E17-4C1D-AAAC-066235F9F616}.Debug|x64.Build.0 = Debug|x64
		{ACE68FE6-2E17-4C1D-AAAC-066235F9F616}.Debug|x86.ActiveCfg = Debug|Win32
		{ACE68FE6-2E17-4C1D-AAAC-066235F9F616}.Debug|x86.Build.0 = Debug|Win32
		{ACE68FE6-2E17-4C1D-AAAC-066235F9F616}.Release|x64.ActiveCfg = Release|x64
		{ACE68FE6-2E17-4C1D-AAAC-066235F9F616}.Release|x64.Build.0 = Release|x64
		{ACE68FE6-2E17-4C1D-AAAC-066235F9F616}.Release|x86.ActiveCfg = Release|Win32
		{ACE68FE6-2E17-4C1D-AAAC-066235F9F616}.Release|x86.Build.0 = Release|Win32
		{FDF23007-8BFF-48F4-928A-7266CE97659A}.Debug|x64.ActiveCfg = Debug|x64
		{FDF23007-8BFF-48F4-928A-7266CE97659A}.Debug|x64.Build.0 = Debug|x64
		{FDF23007-8BFF-48F4-928A-7266CE97659A}.Debug|x86.ActiveCfg = Debug|Win32
		{FDF23007-8BFF-48F4-928A-7266CE97659A}.Debug|x86.Build.0 = Debug|Win32
		{FDF23007-8BFF-48F4-928A-7266CE97659A}.Release|x64.ActiveCfg = Release|x64
		{FDF23007-8BFF-48F4-928A-7266CE97659A}.Release|x64.Build.0 = Release|x64
		{FDF23007-8BFF-48F4-928A-7266CE97659A}.Release|x86.ActiveCfg = Release|Win32
		{FDF23007-8BFF-48F4-928A-7266CE97659A}.Release|x86.Build.0 = Release|Win32
		{8DC6CF18-8386-46AC-AF68-CE5F13BF7127}.Debug|x64.ActiveCfg = Debug|x64
		{8DC6CF18-8386-46AC-AF68-CE5F13BF7127}.Debug|x64.Build.0 = Debug|x64
		{8DC6CF18-8386-46AC-AF68-CE5F13BF7127}.Debug|x86.ActiveCfg = Debug|Win32
		{8DC6CF18-8386-46AC-AF68-CE5F13BF7127}.Debug|x86.Build.0 = Debug|Win32
		{8DC6CF18-8386-46AC-AF68-CE5F13BF7127}.Release|x64.ActiveCfg = Release|x64
		{8DC6CF18-8386-46AC-AF68-CE5F13BF7127}.Release|x64.Build.0 = Release|x64
		{8DC6CF18-8386-46AC-AF68-CE5F13BF7127}.Release|x86.ActiveCfg = Release|Win32
		{8DC6CF18-8386-46AC-AF68-CE5F13BF7127}.Release|x86.Build.0 = Release|Win32
		{ED370ABC-21DF-46A5-A386-D478ECD31E20}.Debug|x64.ActiveCfg = Debug|x64
		{ED370ABC-21DF-46A5-A386-D478ECD31E20}.Debug|x64.Build.0 = Debug|x64
		{ED370ABC-21DF-46A5-A386-D478ECD31E20}.Debug|x86.ActiveCfg = Debug|Win32
		{ED370ABC-21DF-46A5-A386-D478ECD31E20}.Debug|x86.Build.0 = Debug|Win32
		{ED370ABC-21DF-46A5-A386-D478ECD31E20}.Release|x64.ActiveCfg = Release|x64
		{ED370ABC-21DF-46A5-A386-D478ECD31E20}.Release|x64.Build.0 = Release|x64
		{ED370ABC-21DF-46A5-A386-D478ECD31E20}.Release|x86.ActiveCfg = Release|Win32
		{ED370ABC-21DF-46A5-A386-D478ECD31E20}.Release|x86.Build.0 = Release|Win32
		{1BFE6B88-3986-48A9-BCF3-80A88F6CBD50}.Debug|x64.ActiveCfg = Debug|x64
		{1BFE6B88-3986-48A9-BCF3-80A88F6CBD50}.Debug|x64.Build.0 = Debug|x64
		{1BFE6B88-3986-48A9-BCF3-80A88F6CBD50}.Debug|x86.ActiveCfg = Debug|Win32
		{1BFE6B88-3986-48A9-BCF3-80A88F6CBD50}.Debug|x86.Build.0 = Debug|Win32
		{1BFE6B88-3986-48A9-BCF3-80A88F6CBD50}.Release|x64.ActiveCfg = Release|x64
		{1BFE6B88-3986-48A9-BCF3-80A88F6CBD50}.Release|x64.Build.0 = Release|x64
		{1BFE6B88-3986-48A9-BCF3-80A88F6CBD50}.Release|x86.ActiveCfg = Release|Win32
		{1BFE6B88-3986-48A9-BCF3-80A88F6CBD50}.Release|x86.Build.0 = Release|Win32
		{8FE20426-661E-4A1F-8A66-A1965F4C7124}.Debug|x64.ActiveCfg = Debug|x64
		{8FE20426-661E-4A1F-8A66-A1965F4C7124}.Debug|x64.Build.0 = Debug|x64
		{8FE20426-661E-4A1F-8A66-A1965F4C7124}.Debug|x86.ActiveCfg = Debug|Win32
		{8FE20426-661E-4A1F-8A66-A1965F4C7124}.Debug|x86.Build.0 = Debug|Win32
		{8FE20426-661E-4A1F-8A66-A1965F4C7124}.Release|x64.ActiveCfg = Release|x64
		{8FE20426-661E-4A1F-8A66-A1965F4C7124}.Release|x64.Build.0 = Release|x64
		{8FE20426-661E-4A1F-8A66-A1965F4C7124}.Release|x86.ActiveCfg = Release|Win32
		{8FE20426-661E-4A1F-8A66-A1965F4C7124}.Release|x86.Build.0 = Release|Win32
		{47B13E7D-016C-423D-8127-F51EEE16A62B}.Debug|x64.ActiveCfg = Debug|x64
		{47B13E7D-016C-423D-8127-F51EEE16A62B}.Debug|x64.Build.0 = Debug|x64
		{47B13E7D-016C-423D-8127-F51EEE16A62B}.Debug|x86.ActiveCfg = Debug|Win32
		{47B13E7D-016C-423D-8127-F51EEE16A62B}.Debug|x86.Build.0 = Debug|Win32
		{47B13E7D-016C-423D-8127-F51EEE16A62B}.Release|x64.ActiveCfg = Release|x64
		{47B13E7D-016C-423D-8127-F51EEE16A62B}.Release|x64.Build.0 = Release|x64
		{47B13E7D-016C-423D-8127-F51EEE16A62B}.Release|x86.ActiveCfg = Release|Win32
		{47B13E7D-016C-423D-8127-F51EEE16A62B}.Release|x86.Build.0 = Release|Win32
		{1258FE79-2DFB-4461-A2F4-29DD8EF60EB4}.Debug|x64.ActiveCfg = Debug|x64
		{1258FE79-2DFB-4461-A2F4-29DD8EF60EB4}.Debug|x64.Build.0 = Debug|x64
		{1258FE79-2DFB-4461-A2F4-29DD8EF60EB4}.Debug|x86.ActiveCfg = Debug|Win32
		{1258FE79-2DFB-4461-A2F4-29DD8EF60EB4}.Debug|x86.Build.0 = Debug|Win32
		{1258FE79-2DFB-4461-A2F4-29DD8EF60EB4}.Release|x64.ActiveCfg = Release|x64
		{1258FE79-2DFB-4461-A2F4-29DD8EF60EB4}.Release|x64.Build.0 = Release|x64
		{1258FE79-2DFB-4461-A2F4-29DD8EF60EB4}.Release|x86.ActiveCfg = Release|Win32
		{1258FE79-2DFB-4461-A2F4-29DD8EF60EB4}.Release|x86.Build.0 = Release|Win32
		{D55E10E1-6FC8-43F6-A711-D231A11ECA73}.Debug|x64.ActiveCfg = Debug|x64
		{D55E10E1-6FC8-43F6-A711-D231A11ECA73}.Debug|x64.Build.0 = Debug|x64
		{D55E10E1-6FC8-43F6-A711-D231A11ECA73}.Debug|x86.ActiveCfg = Debug|Win32
		{D55E10E1-6FC8-43F6-A711-D231A11ECA73}.Debug|x86.Build.0 = Debug|Win32
		{D55E10E1-6FC8-43F6-A711-D231A11ECA73}.Release|x64.ActiveCfg = Release|x64
		{D55E10E1-6FC8-43F6-A711-D231A11ECA73}.Release|x64.Build.0 = Release|x64
		{D55E10E1-6FC8-43F6-A711-D231A11ECA73}.Release|x86.ActiveCfg = Release|Win32
		{D55E10E1-6FC8-43F6-A711-D231A11ECA73}.Release|x86.Build.0 = Release|Win32
	EndGlobalSection
	GlobalSection(SolutionProperties) = preSolution
		HideSolutionNode = FALSE
	EndGlobalSection
	GlobalSection(NestedProjects) = preSolution
		{6A8BFC0F-4CF4-4923-AD57-CD677181E319} = {0512DCE4-2B8B-486F-9234-43AA0B09E1FD}
		{4C8C5FD7-16E5-4A15-9E99-2D17E8DF8441} = {7A37DDCD-EFA2-4FC0-A2CB-52BA6560B475}
		{77AC09E7-5C76-49B1-B49F-0DD3BCE5E970} = {0512DCE4-2B8B-486F-9234-43AA0B09E1FD}
		{28F82D15-8C43-45EB-B1A2-2A8307270C42} = {7A37DDCD-EFA2-4FC0-A2CB-52BA6560B475}
		{119DC4AD-E1F0-430D-82EA-E25926490796} = {BB7D6021-BD0F-48D2-93D6-5033DD441E6B}
		{DEB550CA-2539-4F03-B618-DBC94A66A7BE} = {DB9C8CE6-65B3-4263-86E7-D68BC14B0735}
		{F0E5F0B9-DFA3-42EC-AC8E-7F38BE5745E0} = {0512DCE4-2B8B-486F-9234-43AA0B09E1FD}
		{E6543900-D821-4B2E-80B6-B8ABE9F30632} = {BB7D6021-BD0F-48D2-93D6-5033DD441E6B}
		{42C8A2B1-4EB8-42C6-B5D6-161DA3613DC0} = {0512DCE4-2B8B-486F-9234-43AA0B09E1FD}
		{E0B52AE7-E160-4D32-BF3F-910B785E5A8E} = {76BC0557-F8AD-4D7A-9A1A-15A40C7764FD}
		{4F150A30-CECB-49D1-8283-6A3F57438CF5} = {76BC0557-F8AD-4D7A-9A1A-15A40C7764FD}
		{20C3081F-99F9-439E-B24B-BC22A5B7F259} = {BB7D6021-BD0F-48D2-93D6-5033DD441E6B}
		{74937ED8-E9E3-440D-9286-34000FBB567E} = {BB7D6021-BD0F-48D2-93D6-5033DD441E6B}
		{22CA2744-B358-4DAF-B0FA-8F839FF10B32} = {9B78CF1A-D988-4850-9342-AA8E053E8F14}
		{5F5A6E64-2EBC-4F57-931A-50DF6FACAC5F} = {BB7D6021-BD0F-48D2-93D6-5033DD441E6B}
		{41879FA3-4C60-4CD4-9D24-5B70C0E4DABC} = {BB7D6021-BD0F-48D2-93D6-5033DD441E6B}
		{2E3CEA1F-6161-4ED9-95EC-46040990F6A1} = {BB7D6021-BD0F-48D2-93D6-5033DD441E6B}
		{821D8F21-0336-4D1A-BE1D-1C323AB5E31E} = {76BC0557-F8AD-4D7A-9A1A-15A40C7764FD}
		{7A5FC507-4C60-49FA-8928-3FF0D68B0F5A} = {BB7D6021-BD0F-48D2-93D6-5033DD441E6B}
		{5C6C3A8E-E673-4B89-A4D9-4BD7D8ACF1C9} = {BB7D6021-BD0F-48D2-93D6-5033DD441E6B}
		{3D1DE7F4-E4CE-44F8-9C5A-14D470D80253} = {23A19A0F-E276-4A40-BCA8-D30378E9777A}
		{B4509CE4-D067-49BC-9888-A200ABEA0716} = {23A19A0F-E276-4A40-BCA8-D30378E9777A}
		{A7AFAD55-FD63-47FD-AD48-365E657473AB} = {23A19A0F-E276-4A40-BCA8-D30378E9777A}
		{ACE68FE6-2E17-4C1D-AAAC-066235F9F616} = {23A19A0F-E276-4A40-BCA8-D30378E9777A}
		{FDF23007-8BFF-48F4-928A-7266CE97659A} = {23A19A0F-E276-4A40-BCA8-D30378E9777A}
		{8DC6CF18-8386-46AC-AF68-CE5F13BF7127} = {23A19A0F-E276-4A40-BCA8-D30378E9777A}
		{ED370ABC-21DF-46A5-A386-D478ECD31E20} = {7A50FEDD-2A3B-4406-950C-C85A7B9F4DAF}
		{1BFE6B88-3986-48A9-BCF3-80A88F6CBD50} = {50BC35A9-2DB2-4373-B0D2-4F02A7D6DB2B}
		{8FE20426-661E-4A1F-8A66-A1965F4C7124} = {0512DCE4-2B8B-486F-9234-43AA0B09E1FD}
		{47B13E7D-016C-423D-8127-F51EEE16A62B} = {50BC35A9-2DB2-4373-B0D2-4F02A7D6DB2B}
		{6D4F33A3-1680-4ECC-93E4-293EB14C2EE7} = {9B78CF1A-D988-4850-9342-AA8E053E8F14}
		{1258FE79-2DFB-4461-A2F4-29DD8EF60EB4} = {90214DDD-F71F-42ED-ADEE-86F1796B3C36}
		{D55E10E1-6FC8-43F6-A711-D231A11ECA73} = {96B6EFA9-EA27-47C9-AB81-EDA16149C92C}
	EndGlobalSection
	GlobalSection(ExtensibilityGlobals) = postSolution
		SolutionGuid = {2FA6C6D5-B4F4-46C1-8CDB-3000524838B1}
	EndGlobalSection
EndGlobal
