<?xml version="1.0" encoding="utf-8"?>
<Project ToolsVersion="4.0" xmlns="http://schemas.microsoft.com/developer/msbuild/2003">
  <ItemGroup>
    <Filter Include="Inc">
      <UniqueIdentifier>{eb5e4f17-7965-406a-a262-cf2df2a61037}</UniqueIdentifier>
    </Filter>
    <Filter Include="Src">
      <UniqueIdentifier>{110a35a1-37bd-4094-88c5-bf1e5d74530a}</UniqueIdentifier>
    </Filter>
    <Filter Include="Inc\Memory">
      <UniqueIdentifier>{1d2babc0-c7cb-40bf-b7b3-aa22b6595ea5}</UniqueIdentifier>
    </Filter>
    <Filter Include="Inc\Platform">
      <UniqueIdentifier>{9b67bdd3-d7bd-4fc3-ba35-05c9b096ba0e}</UniqueIdentifier>
    </Filter>
    <Filter Include="Inc\Utility">
      <UniqueIdentifier>{5c2cf2ef-35bc-4272-b071-62a21f0b94f7}</UniqueIdentifier>
    </Filter>
    <Filter Include="Src\Memory">
      <UniqueIdentifier>{7c4de019-4c9e-438c-9e7e-b7ffcfbd3c36}</UniqueIdentifier>
    </Filter>
    <Filter Include="Src\Utility">
      <UniqueIdentifier>{04c3d627-f50c-410d-a4dc-321a13664efe}</UniqueIdentifier>
    </Filter>
    <Filter Include="Src\Platform">
      <UniqueIdentifier>{173ddfde-c6e3-4622-af98-68b72cf6f635}</UniqueIdentifier>
    </Filter>
  </ItemGroup>
  <ItemGroup>
    <ClInclude Include="Inc\Common.h">
      <Filter>Inc</Filter>
    </ClInclude>
    <ClInclude Include="Inc\Core.h">
      <Filter>Inc</Filter>
    </ClInclude>
    <ClInclude Include="Src\Precompiled.h">
      <Filter>Src</Filter>
    </ClInclude>
    <ClInclude Include="Inc\DebugUtil.h">
      <Filter>Inc\Utility</Filter>
    </ClInclude>
    <ClInclude Include="Inc\TimeUtil.h">
      <Filter>Inc\Utility</Filter>
    </ClInclude>
    <ClInclude Include="Inc\Window.h">
      <Filter>Inc\Platform</Filter>
    </ClInclude>
    <ClInclude Include="Inc\WindowMessageHandler.h">
      <Filter>Inc\Platform</Filter>
    </ClInclude>
    <ClInclude Include="Inc\BlockAllocator.h">
      <Filter>Inc\Memory</Filter>
    </ClInclude>
    <ClInclude Include="Inc\TypedAllocator.h">
      <Filter>Inc\Memory</Filter>
    </ClInclude>
    <ClInclude Include="Inc\Handle.h">
      <Filter>Inc\Memory</Filter>
    </ClInclude>
  </ItemGroup>
  <ItemGroup>
    <ClCompile Include="Src\Precompiled.cpp">
      <Filter>Src</Filter>
    </ClCompile>
    <ClCompile Include="Src\WindowMessageHandler.cpp">
      <Filter>Src\Platform</Filter>
    </ClCompile>
    <ClCompile Include="Src\Window.cpp">
      <Filter>Src\Platform</Filter>
    </ClCompile>
    <ClCompile Include="Src\TimeUtil.cpp">
      <Filter>Src\Utility</Filter>
    </ClCompile>
    <ClCompile Include="Src\BlockAllocator.cpp">
      <Filter>Src\Memory</Filter>
    </ClCompile>
  </ItemGroup>
</Project>