<?xml version="1.0" encoding="utf-8"?>
<Project ToolsVersion="4.0" xmlns="http://schemas.microsoft.com/developer/msbuild/2003">
  <ItemGroup>
    <Filter Include="Inc">
      <UniqueIdentifier>{9ed49bd0-9cda-4008-8fe8-371ceb4938bd}</UniqueIdentifier>
    </Filter>
    <Filter Include="Src">
      <UniqueIdentifier>{1b662e0d-8279-4f25-981e-3c2a68a54226}</UniqueIdentifier>
    </Filter>
  </ItemGroup>
  <ItemGroup>
    <ClInclude Include="Inc\Physics.h">
      <Filter>Inc</Filter>
    </ClInclude>
    <ClInclude Include="Inc\Common.h">
      <Filter>Inc</Filter>
    </ClInclude>
    <ClInclude Include="Src\Precompiled.h">
      <Filter>Src</Filter>
    </ClInclude>
    <ClInclude Include="Inc\Particle.h">
      <Filter>Inc</Filter>
    </ClInclude>
    <ClInclude Include="Inc\PhysicsWorld.h">
      <Filter>Inc</Filter>
    </ClInclude>
    <ClInclude Include="Inc\Constraints.h">
      <Filter>Inc</Filter>
    </ClInclude>
    <ClInclude Include="Inc\Tetrahedron.h">
      <Filter>Inc</Filter>
    </ClInclude>
  </ItemGroup>
  <ItemGroup>
    <ClCompile Include="Src\Precompiled.cpp">
      <Filter>Src</Filter>
    </ClCompile>
    <ClCompile Include="Src\PhysicsWorld.cpp">
      <Filter>Src</Filter>
    </ClCompile>
    <ClCompile Include="Src\Constraints.cpp">
      <Filter>Src</Filter>
    </ClCompile>
  </ItemGroup>
</Project>