<?xml version="1.0" encoding="utf-8"?>
<Project ToolsVersion="4.0" xmlns="http://schemas.microsoft.com/developer/msbuild/2003">
  <ItemGroup>
    <Filter Include="Inc">
      <UniqueIdentifier>{114bb04b-1c17-4427-9419-cc1f0f07f74d}</UniqueIdentifier>
    </Filter>
    <Filter Include="Src">
      <UniqueIdentifier>{f558ce0c-3b59-43a4-97b1-872ceb20d3ed}</UniqueIdentifier>
    </Filter>
    <Filter Include="Inc\Effects">
      <UniqueIdentifier>{63ee242a-03d8-4428-8283-051cc3c5dc88}</UniqueIdentifier>
    </Filter>
    <Filter Include="Src\Effects">
      <UniqueIdentifier>{c222bc32-9119-46b9-b7e7-747fce15271d}</UniqueIdentifier>
    </Filter>
    <Filter Include="Inc\Model">
      <UniqueIdentifier>{64f96fa0-757a-40c3-b341-ed7b11c8aa44}</UniqueIdentifier>
    </Filter>
    <Filter Include="Inc\Mesh">
      <UniqueIdentifier>{1cd4e3db-ade5-40b6-a3d1-dcbccd1a7c5e}</UniqueIdentifier>
    </Filter>
    <Filter Include="Inc\Renderer">
      <UniqueIdentifier>{2c46419a-d6d7-4b3e-a2fe-ff5c3c3da7dc}</UniqueIdentifier>
    </Filter>
    <Filter Include="Inc\RenderState">
      <UniqueIdentifier>{752cbc2d-a515-428c-9d31-497eea7cc517}</UniqueIdentifier>
    </Filter>
    <Filter Include="Inc\Shader">
      <UniqueIdentifier>{9f4e743a-b681-4230-a3b5-9e8fae5b659b}</UniqueIdentifier>
    </Filter>
    <Filter Include="Inc\Utility">
      <UniqueIdentifier>{9e4ea981-da26-455e-bdb1-da20a068e8ef}</UniqueIdentifier>
    </Filter>
    <Filter Include="Src\Camera">
      <UniqueIdentifier>{56b499ab-0498-4fd5-bb64-cbff164033a4}</UniqueIdentifier>
    </Filter>
    <Filter Include="Src\Mesh">
      <UniqueIdentifier>{bd701adf-bc75-42fd-a226-a2c99c644cce}</UniqueIdentifier>
    </Filter>
    <Filter Include="Src\Pch">
      <UniqueIdentifier>{a7872892-462e-4749-89d1-829e0a53cbf9}</UniqueIdentifier>
    </Filter>
    <Filter Include="Src\Renderer">
      <UniqueIdentifier>{1842495a-f9b0-48b0-ab40-aaa5094e8212}</UniqueIdentifier>
    </Filter>
    <Filter Include="Src\RenderState">
      <UniqueIdentifier>{57f37b87-40db-4567-9384-a31b09c17374}</UniqueIdentifier>
    </Filter>
    <Filter Include="Src\Shader">
      <UniqueIdentifier>{f9b494b7-c7bc-44c2-aedb-d8d61fbc6262}</UniqueIdentifier>
    </Filter>
    <Filter Include="Src\Utility">
      <UniqueIdentifier>{d7fdc937-f2f5-4d51-b55a-e99df3ce8fa1}</UniqueIdentifier>
    </Filter>
    <Filter Include="Inc\Camera">
      <UniqueIdentifier>{ccf03fa8-d620-4dd7-b0e3-c36cd9362503}</UniqueIdentifier>
    </Filter>
    <Filter Include="Inc\Material">
      <UniqueIdentifier>{18432ef3-6b57-4d33-acf7-c3da1bfbadcc}</UniqueIdentifier>
    </Filter>
    <Filter Include="Src\Model">
      <UniqueIdentifier>{43032286-aa37-43ab-ba81-c76c568c31b4}</UniqueIdentifier>
    </Filter>
    <Filter Include="Inc\Animation">
      <UniqueIdentifier>{3df1cd57-59b0-4a1e-8b7f-31a802fb8c2a}</UniqueIdentifier>
    </Filter>
    <Filter Include="Src\Animation">
      <UniqueIdentifier>{83e87694-1e23-45a2-8dce-58687e77d2fc}</UniqueIdentifier>
    </Filter>
    <Filter Include="Inc\Terrain">
      <UniqueIdentifier>{8c1639ff-5a5e-4263-a50a-795f67f9795f}</UniqueIdentifier>
    </Filter>
    <Filter Include="Src\Terrain">
      <UniqueIdentifier>{c91878da-92d5-4089-ad9b-be5c4f7c48c6}</UniqueIdentifier>
    </Filter>
  </ItemGroup>
  <ItemGroup>
    <ClInclude Include="Inc\Graphics.h">
      <Filter>Inc</Filter>
    </ClInclude>
    <ClInclude Include="Inc\Common.h">
      <Filter>Inc</Filter>
    </ClInclude>
    <ClInclude Include="Inc\GraphicsSystem.h">
      <Filter>Inc</Filter>
    </ClInclude>
    <ClInclude Include="Inc\DissolveEffect.h">
      <Filter>Inc\Effects</Filter>
    </ClInclude>
    <ClInclude Include="Inc\Effect.h">
      <Filter>Inc\Effects</Filter>
    </ClInclude>
    <ClInclude Include="Inc\ShadowEffect.h">
      <Filter>Inc\Effects</Filter>
    </ClInclude>
    <ClInclude Include="Inc\StandardEffect.h">
      <Filter>Inc\Effects</Filter>
    </ClInclude>
    <ClInclude Include="Inc\Camera.h">
      <Filter>Inc\Camera</Filter>
    </ClInclude>
    <ClInclude Include="Inc\PixelShader.h">
      <Filter>Inc\Shader</Filter>
    </ClInclude>
    <ClInclude Include="Inc\VertexShader.h">
      <Filter>Inc\Shader</Filter>
    </ClInclude>
    <ClInclude Include="Inc\Colors.h">
      <Filter>Inc\Utility</Filter>
    </ClInclude>
    <ClInclude Include="Inc\ConstantBuffer.h">
      <Filter>Inc\Renderer</Filter>
    </ClInclude>
    <ClInclude Include="Inc\DepthStencilState.h">
      <Filter>Inc\RenderState</Filter>
    </ClInclude>
    <ClInclude Include="Inc\RasterizerState.h">
      <Filter>Inc\RenderState</Filter>
    </ClInclude>
    <ClInclude Include="Inc\DebugUI.h">
      <Filter>Inc\Utility</Filter>
    </ClInclude>
    <ClInclude Include="Inc\MeshBuffer.h">
      <Filter>Inc\Mesh</Filter>
    </ClInclude>
    <ClInclude Include="Inc\MeshBuilder.h">
      <Filter>Inc\Mesh</Filter>
    </ClInclude>
    <ClInclude Include="Inc\MeshTypes.h">
      <Filter>Inc\Mesh</Filter>
    </ClInclude>
    <ClInclude Include="Inc\BlendState.h">
      <Filter>Inc\RenderState</Filter>
    </ClInclude>
    <ClInclude Include="Inc\RenderObject.h">
      <Filter>Inc\Renderer</Filter>
    </ClInclude>
    <ClInclude Include="Inc\RenderTarget.h">
      <Filter>Inc\Renderer</Filter>
    </ClInclude>
    <ClInclude Include="Inc\Material.h">
      <Filter>Inc\Material</Filter>
    </ClInclude>
    <ClInclude Include="Inc\ParticleEmitter.h">
      <Filter>Inc\Renderer</Filter>
    </ClInclude>
    <ClInclude Include="Inc\Skybox.h">
      <Filter>Inc\Renderer</Filter>
    </ClInclude>
    <ClInclude Include="Src\Precompiled.h">
      <Filter>Src\Pch</Filter>
    </ClInclude>
    <ClInclude Include="Inc\Model.h">
      <Filter>Inc\Model</Filter>
    </ClInclude>
    <ClInclude Include="Inc\ModelIO.h">
      <Filter>Inc\Model</Filter>
    </ClInclude>
    <ClInclude Include="Inc\Keyframe.h">
      <Filter>Inc\Animation</Filter>
    </ClInclude>
    <ClInclude Include="Inc\Animation.h">
      <Filter>Inc\Animation</Filter>
    </ClInclude>
    <ClInclude Include="Inc\AnimationBuilder.h">
      <Filter>Inc\Animation</Filter>
    </ClInclude>
    <ClInclude Include="Inc\Skeleton.h">
      <Filter>Inc\Animation</Filter>
    </ClInclude>
    <ClInclude Include="Inc\Bone.h">
      <Filter>Inc\Animation</Filter>
    </ClInclude>
    <ClInclude Include="Inc\AnimationClip.h">
      <Filter>Inc\Animation</Filter>
    </ClInclude>
    <ClInclude Include="Inc\AnimationIO.h">
      <Filter>Inc\Animation</Filter>
    </ClInclude>
    <ClInclude Include="Inc\Animator.h">
      <Filter>Inc\Animation</Filter>
    </ClInclude>
    <ClInclude Include="Inc\SimpleDraw.h">
      <Filter>Inc\Renderer</Filter>
    </ClInclude>
    <ClInclude Include="Inc\Terrain.h">
      <Filter>Inc\Terrain</Filter>
    </ClInclude>
    <ClInclude Include="Inc\ModelLoader.h">
      <Filter>Inc\Model</Filter>
    </ClInclude>
    <ClInclude Include="Inc\Texture.h">
      <Filter>Inc\Renderer</Filter>
    </ClInclude>
    <ClInclude Include="Inc\Sampler.h">
      <Filter>Inc\Renderer</Filter>
    </ClInclude>
    <ClInclude Include="Inc\LightTypes.h">
      <Filter>Inc\Renderer</Filter>
    </ClInclude>
    <ClInclude Include="Inc\VertexTypes.h">
      <Filter>Inc\Renderer</Filter>
    </ClInclude>
    <ClInclude Include="Inc\Transform.h">
      <Filter>Inc\Utility</Filter>
    </ClInclude>
    <ClInclude Include="Inc\TerrainEffect.h">
      <Filter>Inc\Effects</Filter>
    </ClInclude>
    <ClInclude Include="Inc\AnimationUtil.h">
      <Filter>Inc\Animation</Filter>
    </ClInclude>
    <ClInclude Include="Inc\MeshUtil.h">
      <Filter>Inc\Mesh</Filter>
    </ClInclude>
  </ItemGroup>
  <ItemGroup>
    <ClCompile Include="Src\GraphicsSystem.cpp">
      <Filter>Src</Filter>
    </ClCompile>
    <ClCompile Include="Src\DissolveEffect.cpp">
      <Filter>Src\Effects</Filter>
    </ClCompile>
    <ClCompile Include="Src\StandardEffect.cpp">
      <Filter>Src\Effects</Filter>
    </ClCompile>
    <ClCompile Include="Src\ShadowEffect.cpp">
      <Filter>Src\Effects</Filter>
    </ClCompile>
    <ClCompile Include="Src\ConstantBuffer.cpp">
      <Filter>Src\Renderer</Filter>
    </ClCompile>
    <ClCompile Include="Src\ParticleEmitter.cpp">
      <Filter>Src\Renderer</Filter>
    </ClCompile>
    <ClCompile Include="Src\RenderObject.cpp">
      <Filter>Src\Renderer</Filter>
    </ClCompile>
    <ClCompile Include="Src\RenderTarget.cpp">
      <Filter>Src\Renderer</Filter>
    </ClCompile>
    <ClCompile Include="Src\Skybox.cpp">
      <Filter>Src\Renderer</Filter>
    </ClCompile>
    <ClCompile Include="Src\BlendState.cpp">
      <Filter>Src\RenderState</Filter>
    </ClCompile>
    <ClCompile Include="Src\DepthStencilState.cpp">
      <Filter>Src\RenderState</Filter>
    </ClCompile>
    <ClCompile Include="Src\RasterizerState.cpp">
      <Filter>Src\RenderState</Filter>
    </ClCompile>
    <ClCompile Include="Src\VertexShader.cpp">
      <Filter>Src\Shader</Filter>
    </ClCompile>
    <ClCompile Include="Src\PixelShader.cpp">
      <Filter>Src\Shader</Filter>
    </ClCompile>
    <ClCompile Include="Src\MeshBuffer.cpp">
      <Filter>Src\Mesh</Filter>
    </ClCompile>
    <ClCompile Include="Src\MeshBuilder.cpp">
      <Filter>Src\Mesh</Filter>
    </ClCompile>
    <ClCompile Include="Src\ModelLoader.cpp">
      <Filter>Src\Mesh</Filter>
    </ClCompile>
    <ClCompile Include="Src\Precompiled.cpp">
      <Filter>Src\Pch</Filter>
    </ClCompile>
    <ClCompile Include="Src\DebugUI.cpp">
      <Filter>Src\Utility</Filter>
    </ClCompile>
    <ClCompile Include="Src\Camera.cpp">
      <Filter>Src\Camera</Filter>
    </ClCompile>
    <ClCompile Include="Src\Texture.cpp">
      <Filter>Src\Utility</Filter>
    </ClCompile>
    <ClCompile Include="Src\Sampler.cpp">
      <Filter>Src\Utility</Filter>
    </ClCompile>
    <ClCompile Include="Src\ModelIO.cpp">
      <Filter>Src\Model</Filter>
    </ClCompile>
    <ClCompile Include="Src\Animation.cpp">
      <Filter>Src\Animation</Filter>
    </ClCompile>
    <ClCompile Include="Src\AnimationBuilder.cpp">
      <Filter>Src\Animation</Filter>
    </ClCompile>
    <ClCompile Include="Src\AnimationUtil.cpp">
      <Filter>Src\Animation</Filter>
    </ClCompile>
    <ClCompile Include="Src\AnimationIO.cpp">
      <Filter>Src\Animation</Filter>
    </ClCompile>
    <ClCompile Include="Src\Animator.cpp">
      <Filter>Src\Animation</Filter>
    </ClCompile>
    <ClCompile Include="Src\SimpleDraw.cpp">
      <Filter>Src\Renderer</Filter>
    </ClCompile>
    <ClCompile Include="Src\Terrain.cpp">
      <Filter>Src\Terrain</Filter>
    </ClCompile>
    <ClCompile Include="Src\TerrainEffect.cpp">
      <Filter>Src\Effects</Filter>
    </ClCompile>
    <ClCompile Include="Src\MeshUtil.cpp">
      <Filter>Src\Mesh</Filter>
    </ClCompile>
  </ItemGroup>
</Project>